// !$*UTF8*$!
{
	archiveVersion = 1;
	classes = {
	};
	objectVersion = 50;
	objects = {

/* Begin PBXBuildFile section */
		6A354BFB258EA3AA00C94B6C /* ResourcePath.mm in Sources */ = {isa = PBXBuildFile; fileRef = 6A354BFA258EA3AA00C94B6C /* ResourcePath.mm */; };
		6A354BFE258EA3AA00C94B6C /* main.cpp in Sources */ = {isa = PBXBuildFile; fileRef = 6A354BFD258EA3AA00C94B6C /* main.cpp */; };
		6A354C07258EA3AA00C94B6C /* icon.png in Resources */ = {isa = PBXBuildFile; fileRef = 6A354C06258EA3AA00C94B6C /* icon.png */; };
		6A354C11258EA96C00C94B6C /* MapScreen.cpp in Sources */ = {isa = PBXBuildFile; fileRef = 6A354C0F258EA96C00C94B6C /* MapScreen.cpp */; };
		6A354C14258EA9CE00C94B6C /* Player.cpp in Sources */ = {isa = PBXBuildFile; fileRef = 6A354C12258EA9CE00C94B6C /* Player.cpp */; };
		6A4E8F33258EBC1800337E7B /* player.png in Resources */ = {isa = PBXBuildFile; fileRef = 6A4E8F32258EBC1800337E7B /* player.png */; };
		6A4E8F39258EC20A00337E7B /* player_animated.png in Resources */ = {isa = PBXBuildFile; fileRef = 6A4E8F38258EC20900337E7B /* player_animated.png */; };
		6A4E8F3C258EC3A500337E7B /* MapData.cpp in Sources */ = {isa = PBXBuildFile; fileRef = 6A4E8F3A258EC3A500337E7B /* MapData.cpp */; };
		6A4E8F42258ECDD600337E7B /* PopolTown.map in Resources */ = {isa = PBXBuildFile; fileRef = 6A4E8F41258EC8CD00337E7B /* PopolTown.map */; };
		6A4E8F45258ED72F00337E7B /* Route1.ogg in Resources */ = {isa = PBXBuildFile; fileRef = 6A4E8F44258ED69200337E7B /* Route1.ogg */; };
		6A7BC03F25924D7A00F319A3 /* Object.cpp in Sources */ = {isa = PBXBuildFile; fileRef = 6A7BC03D25924D7A00F319A3 /* Object.cpp */; };
		6A7BC042259267FE00F319A3 /* Teleport.cpp in Sources */ = {isa = PBXBuildFile; fileRef = 6A7BC040259267FE00F319A3 /* Teleport.cpp */; };
		6A7BC0452592686A00F319A3 /* Script.cpp in Sources */ = {isa = PBXBuildFile; fileRef = 6A7BC0432592686900F319A3 /* Script.cpp */; };
		6AAC96992590B24100A176AA /* pokemon_pixel_font.ttf in Resources */ = {isa = PBXBuildFile; fileRef = 6AAC96982590B23200A176AA /* pokemon_pixel_font.ttf */; };
		6AAC969C2590D77E00A176AA /* TextBox.cpp in Sources */ = {isa = PBXBuildFile; fileRef = 6AAC969A2590D77E00A176AA /* TextBox.cpp */; };
		6AE22024258F4AF10042BEA3 /* Move.cpp in Sources */ = {isa = PBXBuildFile; fileRef = 6AE22022258F4AF10042BEA3 /* Move.cpp */; };
		6AE22027258F5CD80042BEA3 /* TileSet.cpp in Sources */ = {isa = PBXBuildFile; fileRef = 6AE22025258F5CD80042BEA3 /* TileSet.cpp */; };
		6AE2202B258F834F0042BEA3 /* PopolTown.ogg in Resources */ = {isa = PBXBuildFile; fileRef = 6AE2202A258F834A0042BEA3 /* PopolTown.ogg */; };
		6AE22031258FC7F90042BEA3 /* Route1.map in Resources */ = {isa = PBXBuildFile; fileRef = 6AE2202D258FA24E0042BEA3 /* Route1.map */; };
		6AFE2A28258EAA9300000025 /* TileMap.cpp in Sources */ = {isa = PBXBuildFile; fileRef = 6AFE2A26258EAA9300000025 /* TileMap.cpp */; };
		6AFE2A2A258EACCD00000025 /* tileset.png in Resources */ = {isa = PBXBuildFile; fileRef = 6AFE2A29258EACCD00000025 /* tileset.png */; };
		6AFE2A2D258EADCF00000025 /* Game.cpp in Sources */ = {isa = PBXBuildFile; fileRef = 6AFE2A2B258EADCF00000025 /* Game.cpp */; };
/* End PBXBuildFile section */

/* Begin PBXFileReference section */
		6A354BF5258EA3AA00C94B6C /* RPGProject.app */ = {isa = PBXFileReference; explicitFileType = wrapper.application; includeInIndex = 0; path = RPGProject.app; sourceTree = BUILT_PRODUCTS_DIR; };
		6A354BF9258EA3AA00C94B6C /* RPGProject-Info.plist */ = {isa = PBXFileReference; lastKnownFileType = text.plist.xml; path = "RPGProject-Info.plist"; sourceTree = "<group>"; };
		6A354BFA258EA3AA00C94B6C /* ResourcePath.mm */ = {isa = PBXFileReference; lastKnownFileType = sourcecode.cpp.objcpp; path = ResourcePath.mm; sourceTree = "<group>"; };
		6A354BFC258EA3AA00C94B6C /* ResourcePath.hpp */ = {isa = PBXFileReference; lastKnownFileType = sourcecode.cpp.h; path = ResourcePath.hpp; sourceTree = "<group>"; };
		6A354BFD258EA3AA00C94B6C /* main.cpp */ = {isa = PBXFileReference; lastKnownFileType = sourcecode.cpp.cpp; path = main.cpp; sourceTree = "<group>"; };
		6A354C06258EA3AA00C94B6C /* icon.png */ = {isa = PBXFileReference; lastKnownFileType = image.png; path = icon.png; sourceTree = "<group>"; };
		6A354C0F258EA96C00C94B6C /* MapScreen.cpp */ = {isa = PBXFileReference; lastKnownFileType = sourcecode.cpp.cpp; path = MapScreen.cpp; sourceTree = "<group>"; };
		6A354C10258EA96C00C94B6C /* MapScreen.hpp */ = {isa = PBXFileReference; lastKnownFileType = sourcecode.cpp.h; path = MapScreen.hpp; sourceTree = "<group>"; };
		6A354C12258EA9CE00C94B6C /* Player.cpp */ = {isa = PBXFileReference; lastKnownFileType = sourcecode.cpp.cpp; path = Player.cpp; sourceTree = "<group>"; };
		6A354C13258EA9CE00C94B6C /* Player.hpp */ = {isa = PBXFileReference; lastKnownFileType = sourcecode.cpp.h; path = Player.hpp; sourceTree = "<group>"; };
		6A4E8F32258EBC1800337E7B /* player.png */ = {isa = PBXFileReference; lastKnownFileType = image.png; path = player.png; sourceTree = "<group>"; };
		6A4E8F38258EC20900337E7B /* player_animated.png */ = {isa = PBXFileReference; lastKnownFileType = image.png; path = player_animated.png; sourceTree = "<group>"; };
		6A4E8F3A258EC3A500337E7B /* MapData.cpp */ = {isa = PBXFileReference; lastKnownFileType = sourcecode.cpp.cpp; path = MapData.cpp; sourceTree = "<group>"; };
		6A4E8F3B258EC3A500337E7B /* MapData.hpp */ = {isa = PBXFileReference; lastKnownFileType = sourcecode.cpp.h; path = MapData.hpp; sourceTree = "<group>"; };
		6A4E8F41258EC8CD00337E7B /* PopolTown.map */ = {isa = PBXFileReference; lastKnownFileType = "sourcecode.module-map"; path = PopolTown.map; sourceTree = "<group>"; };
		6A4E8F44258ED69200337E7B /* Route1.ogg */ = {isa = PBXFileReference; lastKnownFileType = file; path = Route1.ogg; sourceTree = "<group>"; };
		6A7BC03D25924D7A00F319A3 /* Object.cpp */ = {isa = PBXFileReference; lastKnownFileType = sourcecode.cpp.cpp; path = Object.cpp; sourceTree = "<group>"; };
		6A7BC03E25924D7A00F319A3 /* Object.hpp */ = {isa = PBXFileReference; lastKnownFileType = sourcecode.cpp.h; path = Object.hpp; sourceTree = "<group>"; };
		6A7BC040259267FE00F319A3 /* Teleport.cpp */ = {isa = PBXFileReference; lastKnownFileType = sourcecode.cpp.cpp; path = Teleport.cpp; sourceTree = "<group>"; };
		6A7BC041259267FE00F319A3 /* Teleport.hpp */ = {isa = PBXFileReference; lastKnownFileType = sourcecode.cpp.h; path = Teleport.hpp; sourceTree = "<group>"; };
		6A7BC0432592686900F319A3 /* Script.cpp */ = {isa = PBXFileReference; lastKnownFileType = sourcecode.cpp.cpp; path = Script.cpp; sourceTree = "<group>"; };
		6A7BC0442592686A00F319A3 /* Script.hpp */ = {isa = PBXFileReference; lastKnownFileType = sourcecode.cpp.h; path = Script.hpp; sourceTree = "<group>"; };
		6AAC96982590B23200A176AA /* pokemon_pixel_font.ttf */ = {isa = PBXFileReference; lastKnownFileType = file; path = pokemon_pixel_font.ttf; sourceTree = "<group>"; };
		6AAC969A2590D77E00A176AA /* TextBox.cpp */ = {isa = PBXFileReference; lastKnownFileType = sourcecode.cpp.cpp; path = TextBox.cpp; sourceTree = "<group>"; };
		6AAC969B2590D77E00A176AA /* TextBox.hpp */ = {isa = PBXFileReference; lastKnownFileType = sourcecode.cpp.h; path = TextBox.hpp; sourceTree = "<group>"; };
		6AE22022258F4AF10042BEA3 /* Move.cpp */ = {isa = PBXFileReference; lastKnownFileType = sourcecode.cpp.cpp; path = Move.cpp; sourceTree = "<group>"; };
		6AE22023258F4AF10042BEA3 /* Move.hpp */ = {isa = PBXFileReference; lastKnownFileType = sourcecode.cpp.h; path = Move.hpp; sourceTree = "<group>"; };
		6AE22025258F5CD80042BEA3 /* TileSet.cpp */ = {isa = PBXFileReference; lastKnownFileType = sourcecode.cpp.cpp; path = TileSet.cpp; sourceTree = "<group>"; };
		6AE22026258F5CD80042BEA3 /* TileSet.hpp */ = {isa = PBXFileReference; lastKnownFileType = sourcecode.cpp.h; path = TileSet.hpp; sourceTree = "<group>"; };
		6AE2202A258F834A0042BEA3 /* PopolTown.ogg */ = {isa = PBXFileReference; lastKnownFileType = file; path = PopolTown.ogg; sourceTree = "<group>"; };
		6AE2202C258F976F0042BEA3 /* README.md */ = {isa = PBXFileReference; lastKnownFileType = net.daringfireball.markdown; path = README.md; sourceTree = "<group>"; };
		6AE2202D258FA24E0042BEA3 /* Route1.map */ = {isa = PBXFileReference; lastKnownFileType = "sourcecode.module-map"; path = Route1.map; sourceTree = "<group>"; };
		6AFE2A26258EAA9300000025 /* TileMap.cpp */ = {isa = PBXFileReference; lastKnownFileType = sourcecode.cpp.cpp; path = TileMap.cpp; sourceTree = "<group>"; };
		6AFE2A27258EAA9300000025 /* TileMap.hpp */ = {isa = PBXFileReference; lastKnownFileType = sourcecode.cpp.h; path = TileMap.hpp; sourceTree = "<group>"; };
		6AFE2A29258EACCD00000025 /* tileset.png */ = {isa = PBXFileReference; lastKnownFileType = image.png; path = tileset.png; sourceTree = "<group>"; };
		6AFE2A2B258EADCF00000025 /* Game.cpp */ = {isa = PBXFileReference; lastKnownFileType = sourcecode.cpp.cpp; path = Game.cpp; sourceTree = "<group>"; };
		6AFE2A2C258EADCF00000025 /* Game.hpp */ = {isa = PBXFileReference; lastKnownFileType = sourcecode.cpp.h; path = Game.hpp; sourceTree = "<group>"; };
/* End PBXFileReference section */

/* Begin PBXFrameworksBuildPhase section */
		6A354BF1258EA3AA00C94B6C /* Frameworks */ = {
			isa = PBXFrameworksBuildPhase;
			buildActionMask = 2147483647;
			files = (
			);
			runOnlyForDeploymentPostprocessing = 0;
		};
/* End PBXFrameworksBuildPhase section */

/* Begin PBXGroup section */
		6A354BEB258EA3AA00C94B6C = {
			isa = PBXGroup;
			children = (
				6A354BF7258EA3AA00C94B6C /* RPGProject */,
				6A354BF6258EA3AA00C94B6C /* Products */,
			);
			sourceTree = "<group>";
		};
		6A354BF6258EA3AA00C94B6C /* Products */ = {
			isa = PBXGroup;
			children = (
				6A354BF5258EA3AA00C94B6C /* RPGProject.app */,
			);
			name = Products;
			sourceTree = "<group>";
		};
		6A354BF7258EA3AA00C94B6C /* RPGProject */ = {
			isa = PBXGroup;
			children = (
				6AE2201B258F3EF30042BEA3 /* Models */,
				6AE2201D258F3F7B0042BEA3 /* Resources */,
				6AE2201C258F3F0E0042BEA3 /* Screens */,
				6A354BFA258EA3AA00C94B6C /* ResourcePath.mm */,
				6A354BFC258EA3AA00C94B6C /* ResourcePath.hpp */,
				6A354BF9258EA3AA00C94B6C /* RPGProject-Info.plist */,
				6A354BFD258EA3AA00C94B6C /* main.cpp */,
			);
			path = RPGProject;
			sourceTree = "<group>";
		};
		6AE2201B258F3EF30042BEA3 /* Models */ = {
			isa = PBXGroup;
			children = (
				6A354C12258EA9CE00C94B6C /* Player.cpp */,
				6A354C13258EA9CE00C94B6C /* Player.hpp */,
				6AFE2A26258EAA9300000025 /* TileMap.cpp */,
				6AFE2A27258EAA9300000025 /* TileMap.hpp */,
				6A4E8F3A258EC3A500337E7B /* MapData.cpp */,
				6A4E8F3B258EC3A500337E7B /* MapData.hpp */,
				6AFE2A2B258EADCF00000025 /* Game.cpp */,
				6AFE2A2C258EADCF00000025 /* Game.hpp */,
				6AE22022258F4AF10042BEA3 /* Move.cpp */,
				6AE22023258F4AF10042BEA3 /* Move.hpp */,
				6AE22025258F5CD80042BEA3 /* TileSet.cpp */,
				6AE22026258F5CD80042BEA3 /* TileSet.hpp */,
				6AAC969A2590D77E00A176AA /* TextBox.cpp */,
				6AAC969B2590D77E00A176AA /* TextBox.hpp */,
				6A7BC03D25924D7A00F319A3 /* Object.cpp */,
				6A7BC03E25924D7A00F319A3 /* Object.hpp */,
				6A7BC040259267FE00F319A3 /* Teleport.cpp */,
				6A7BC041259267FE00F319A3 /* Teleport.hpp */,
				6A7BC0432592686900F319A3 /* Script.cpp */,
				6A7BC0442592686A00F319A3 /* Script.hpp */,
			);
			path = Models;
			sourceTree = "<group>";
		};
		6AE2201C258F3F0E0042BEA3 /* Screens */ = {
			isa = PBXGroup;
			children = (
				6A354C0F258EA96C00C94B6C /* MapScreen.cpp */,
				6A354C10258EA96C00C94B6C /* MapScreen.hpp */,
			);
			path = Screens;
			sourceTree = "<group>";
		};
		6AE2201D258F3F7B0042BEA3 /* Resources */ = {
			isa = PBXGroup;
			children = (
				6AE2201E258F3F940042BEA3 /* Images */,
				6AE2201F258F3FA20042BEA3 /* Fonts */,
				6AE22020258F3FAB0042BEA3 /* Maps */,
				6AE22021258F3FB30042BEA3 /* Sounds */,
			);
			path = Resources;
			sourceTree = "<group>";
		};
		6AE2201E258F3F940042BEA3 /* Images */ = {
			isa = PBXGroup;
			children = (
				6A354C06258EA3AA00C94B6C /* icon.png */,
				6A4E8F32258EBC1800337E7B /* player.png */,
				6A4E8F38258EC20900337E7B /* player_animated.png */,
				6AFE2A29258EACCD00000025 /* tileset.png */,
			);
			path = Images;
			sourceTree = "<group>";
		};
		6AE2201F258F3FA20042BEA3 /* Fonts */ = {
			isa = PBXGroup;
			children = (
				6AAC96982590B23200A176AA /* pokemon_pixel_font.ttf */,
			);
			path = Fonts;
			sourceTree = "<group>";
		};
		6AE22020258F3FAB0042BEA3 /* Maps */ = {
			isa = PBXGroup;
			children = (
				6AE2202C258F976F0042BEA3 /* README.md */,
				6A4E8F41258EC8CD00337E7B /* PopolTown.map */,
				6AE2202D258FA24E0042BEA3 /* Route1.map */,
			);
			path = Maps;
			sourceTree = "<group>";
		};
		6AE22021258F3FB30042BEA3 /* Sounds */ = {
			isa = PBXGroup;
			children = (
				6AE2202A258F834A0042BEA3 /* PopolTown.ogg */,
				6A4E8F44258ED69200337E7B /* Route1.ogg */,
			);
			path = Sounds;
			sourceTree = "<group>";
		};
/* End PBXGroup section */

/* Begin PBXNativeTarget section */
		6A354BF4258EA3AA00C94B6C /* RPGProject */ = {
			isa = PBXNativeTarget;
			buildConfigurationList = 6A354C0A258EA3AA00C94B6C /* Build configuration list for PBXNativeTarget "RPGProject" */;
			buildPhases = (
				6A354BF0258EA3AA00C94B6C /* Sources */,
				6A354BF1258EA3AA00C94B6C /* Frameworks */,
				6A354BF2258EA3AA00C94B6C /* Resources */,
				6A354BF3258EA3AA00C94B6C /* Run Script */,
			);
			buildRules = (
			);
			dependencies = (
			);
			name = RPGProject;
			productName = RPGProject;
			productReference = 6A354BF5258EA3AA00C94B6C /* RPGProject.app */;
			productType = "com.apple.product-type.application";
		};
/* End PBXNativeTarget section */

/* Begin PBXProject section */
		6A354BEC258EA3AA00C94B6C /* Project object */ = {
			isa = PBXProject;
			attributes = {
				LastUpgradeCheck = 1010;
				ORGANIZATIONNAME = "Nathan FALLET";
				TargetAttributes = {
					6A354BF4258EA3AA00C94B6C = {
						CreatedOnToolsVersion = 10.1;
					};
				};
			};
			buildConfigurationList = 6A354BEF258EA3AA00C94B6C /* Build configuration list for PBXProject "RPGProject" */;
			compatibilityVersion = "Xcode 9.3";
			developmentRegion = en;
			hasScannedForEncodings = 0;
			knownRegions = (
				en,
			);
			mainGroup = 6A354BEB258EA3AA00C94B6C;
			productRefGroup = 6A354BF6258EA3AA00C94B6C /* Products */;
			projectDirPath = "";
			projectRoot = "";
			targets = (
				6A354BF4258EA3AA00C94B6C /* RPGProject */,
			);
		};
/* End PBXProject section */

/* Begin PBXResourcesBuildPhase section */
		6A354BF2258EA3AA00C94B6C /* Resources */ = {
			isa = PBXResourcesBuildPhase;
			buildActionMask = 2147483647;
			files = (
				6AAC96992590B24100A176AA /* pokemon_pixel_font.ttf in Resources */,
				6AE22031258FC7F90042BEA3 /* Route1.map in Resources */,
				6AE2202B258F834F0042BEA3 /* PopolTown.ogg in Resources */,
				6A4E8F45258ED72F00337E7B /* Route1.ogg in Resources */,
				6A4E8F42258ECDD600337E7B /* PopolTown.map in Resources */,
				6A4E8F39258EC20A00337E7B /* player_animated.png in Resources */,
				6A354C07258EA3AA00C94B6C /* icon.png in Resources */,
				6A4E8F33258EBC1800337E7B /* player.png in Resources */,
				6AFE2A2A258EACCD00000025 /* tileset.png in Resources */,
			);
			runOnlyForDeploymentPostprocessing = 0;
		};
/* End PBXResourcesBuildPhase section */

/* Begin PBXShellScriptBuildPhase section */
		6A354BF3258EA3AA00C94B6C /* Run Script */ = {
			isa = PBXShellScriptBuildPhase;
			buildActionMask = 8;
			files = (
			);
			inputFileListPaths = (
			);
			inputPaths = (
			);
			name = "Run Script";
			outputFileListPaths = (
			);
			outputPaths = (
			);
			runOnlyForDeploymentPostprocessing = 1;
			shellPath = /bin/sh;
			shellScript = "# This shell script simply copies required SFML dylibs/frameworks into the application bundle frameworks folder.\n# If you're using static libraries (which is not recommended) you should remove this script from your project.\n\n# SETTINGS\nSFML_DEPENDENCIES_INSTALL_PREFIX=\"/Users/SFML/Desktop/packaging/tmp/install/Library/Frameworks\"\nCMAKE_INSTALL_FRAMEWORK_PREFIX=\"/Users/SFML/Desktop/packaging/tmp/install/Library/Frameworks\"\nCMAKE_INSTALL_LIB_PREFIX=\"/Users/SFML/Desktop/packaging/tmp/install/Library/Frameworks/lib\"\nFRAMEWORKS_FULL_PATH=\"$BUILT_PRODUCTS_DIR/$FRAMEWORKS_FOLDER_PATH/\"\n\n# Are we building a project that uses frameworks or dylibs?\ncase \"$SFML_BINARY_TYPE\" in\n    DYLIBS)\n        frameworks=\"false\"\n        ;;\n    *)\n        frameworks=\"true\"\n        ;;\nesac\n\n# Echoes to stderr\nerror () # $* message to display\n{\n    echo $* 1>&2\n    exit 2\n}\n\nassert () # $1 is a boolean, $2...N is an error message\n{\n    if [ $# -lt 2 ]\n    then\n        error \"Internal error in assert: not enough args\"\n    fi\n\n    if [ $1 -ne 0 ]\n    then\n        shift\n        error \"$*\"\n    fi\n}\n\nforce_remove () # $@ is some paths\n{\n    test $# -ge 1\n    assert $? \"force_remove() requires at least one parameter\"\n    rm -fr $@\n    assert $? \"couldn't remove $@\"\n}\n\ncopy () # $1 is a source, $2 is a destination\n{\n    test $# -eq 2\n    assert $? \"copy() requires two parameters\"\n    ditto \"$1\" \"$2\"\n    assert $? \"couldn't copy $1 to $2\"\n}\n\nrequire () # $1 is a SFML module like 'system' or 'audio'\n{\n    dest=\"$BUILT_PRODUCTS_DIR/$FRAMEWORKS_FOLDER_PATH/\"\n\n    if [ -z \"$1\" ]\n    then\n        error \"require() requires one parameter!\"\n    else\n        # clean potentially old stuff\n        force_remove \"$dest/libsfml-$1\"*\n        force_remove \"$dest/sfml-$1.framework\"\n\n        # copy SFML libraries\n        if [ \"$frameworks\" = \"true\" ]\n        then\n            source=\"$CMAKE_INSTALL_FRAMEWORK_PREFIX/sfml-$1.framework\"\n            target=\"sfml-$1.framework\"\n        elif [ \"$SFML_LINK_DYLIBS_SUFFIX\" = \"-d\" ]\n        then\n            source=\"$CMAKE_INSTALL_LIB_PREFIX/libsfml-$1-d.dylib\"\n            target=\"`readlink $source`\"\n        else\n            source=\"$CMAKE_INSTALL_LIB_PREFIX/libsfml-$1.dylib\"\n            target=\"`readlink $source`\"\n        fi\n\n        copy \"$source\" \"$dest/$target\"\n\n        # copy extra dependencies\n        if [ \"$1\" = \"audio\" ]\n        then\n            # copy \"FLAC\" \"ogg\" \"vorbis\" \"vorbisenc\" \"vorbisfile\" \"OpenAL\" frameworks too\n            for f in \"FLAC\" \"ogg\" \"vorbis\" \"vorbisenc\" \"vorbisfile\" \"OpenAL\"\n            do\n                copy \"$SFML_DEPENDENCIES_INSTALL_PREFIX/$f.framework\" \"$dest/$f.framework\"\n            done\n        elif [ \"$1\" = \"graphics\" ]\n        then\n            copy \"$SFML_DEPENDENCIES_INSTALL_PREFIX/freetype.framework\" \"$dest/freetype.framework\"\n        fi\n    fi\n}\n\nif [ -n \"$SFML_SYSTEM\" ]\nthen\n    require \"system\"\nfi\n\nif [ -n \"$SFML_AUDIO\" ]\nthen\n    require \"audio\"\nfi\n\nif [ -n \"$SFML_NETWORK\" ]\nthen\n    require \"network\"\nfi\n\nif [ -n \"$SFML_WINDOW\" ]\nthen\n    require \"window\"\nfi\n\nif [ -n \"$SFML_GRAPHICS\" ]\nthen\n    require \"graphics\"\nfi\n\n                \n";
		};
/* End PBXShellScriptBuildPhase section */

/* Begin PBXSourcesBuildPhase section */
		6A354BF0258EA3AA00C94B6C /* Sources */ = {
			isa = PBXSourcesBuildPhase;
			buildActionMask = 2147483647;
			files = (
				6A7BC0452592686A00F319A3 /* Script.cpp in Sources */,
				6AE22027258F5CD80042BEA3 /* TileSet.cpp in Sources */,
				6AE22024258F4AF10042BEA3 /* Move.cpp in Sources */,
				6A7BC03F25924D7A00F319A3 /* Object.cpp in Sources */,
				6A354C14258EA9CE00C94B6C /* Player.cpp in Sources */,
				6A7BC042259267FE00F319A3 /* Teleport.cpp in Sources */,
				6A354C11258EA96C00C94B6C /* MapScreen.cpp in Sources */,
				6A354BFE258EA3AA00C94B6C /* main.cpp in Sources */,
				6AAC969C2590D77E00A176AA /* TextBox.cpp in Sources */,
				6AFE2A2D258EADCF00000025 /* Game.cpp in Sources */,
				6AFE2A28258EAA9300000025 /* TileMap.cpp in Sources */,
				6A4E8F3C258EC3A500337E7B /* MapData.cpp in Sources */,
				6A354BFB258EA3AA00C94B6C /* ResourcePath.mm in Sources */,
			);
			runOnlyForDeploymentPostprocessing = 0;
		};
/* End PBXSourcesBuildPhase section */

/* Begin XCBuildConfiguration section */
		6A354C08258EA3AA00C94B6C /* Debug */ = {
			isa = XCBuildConfiguration;
			buildSettings = {
				ALWAYS_SEARCH_USER_PATHS = NO;
				ARCHS = "$(NATIVE_ARCH_ACTUAL)";
				CLANG_CXX_LANGUAGE_STANDARD = "c++0x";
				CLANG_CXX_LIBRARY = "libc++";
				FRAMEWORK_SEARCH_PATHS = (
					/Library/Frameworks/,
					"$(inherited)",
				);
				GCC_VERSION = com.apple.compilers.llvm.clang.1_0;
				HEADER_SEARCH_PATHS = (
					/usr/local/include/,
					"$(inherited)",
				);
				LIBRARY_SEARCH_PATHS = (
					/usr/local/lib/,
					"$(inherited)",
				);
				MACOSX_DEPLOYMENT_TARGET = 10.7;
				OTHER_LDFLAGS = (
					"$(inherited)",
					"$(SFML_SYSTEM)",
					"$(SFML_WINDOW)",
					"$(SFML_GRAPHICS)",
					"$(SFML_AUDIO)",
					"$(SFML_NETWORK)",
				);
				SFML_AUDIO = "$(SFML_LINK_PREFIX) sfml-audio$(SFML_LINK_SUFFIX)";
				SFML_BINARY_TYPE = FRAMEWORKS;
				SFML_GRAPHICS = "$(SFML_LINK_PREFIX) sfml-graphics$(SFML_LINK_SUFFIX)";
				SFML_LINK_DYLIBS_PREFIX = "-l";
				SFML_LINK_DYLIBS_SUFFIX = "";
				SFML_LINK_FRAMEWORKS_PREFIX = "-framework";
				SFML_LINK_FRAMEWORKS_SUFFIX = "";
				SFML_LINK_PREFIX = "$(SFML_LINK_$(SFML_BINARY_TYPE)_PREFIX)";
				SFML_LINK_SUFFIX = "$(SFML_LINK_$(SFML_BINARY_TYPE)_SUFFIX)";
				SFML_NETWORK = "$(SFML_LINK_PREFIX) sfml-network$(SFML_LINK_SUFFIX)";
				SFML_SYSTEM = "$(SFML_LINK_PREFIX) sfml-system$(SFML_LINK_SUFFIX)";
				SFML_WINDOW = "$(SFML_LINK_PREFIX) sfml-window$(SFML_LINK_SUFFIX)";
				SUPPORTED_PLATFORMS = macosx;
			};
			name = Debug;
		};
		6A354C09258EA3AA00C94B6C /* Release */ = {
			isa = XCBuildConfiguration;
			buildSettings = {
				ALWAYS_SEARCH_USER_PATHS = NO;
				ARCHS = "$(NATIVE_ARCH_ACTUAL)";
				CLANG_CXX_LANGUAGE_STANDARD = "c++0x";
				CLANG_CXX_LIBRARY = "libc++";
				FRAMEWORK_SEARCH_PATHS = (
					/Library/Frameworks/,
					"$(inherited)",
				);
				GCC_VERSION = com.apple.compilers.llvm.clang.1_0;
				HEADER_SEARCH_PATHS = (
					/usr/local/include/,
					"$(inherited)",
				);
				LIBRARY_SEARCH_PATHS = (
					/usr/local/lib/,
					"$(inherited)",
				);
				MACOSX_DEPLOYMENT_TARGET = 10.7;
				OTHER_LDFLAGS = (
					"$(inherited)",
					"$(SFML_SYSTEM)",
					"$(SFML_WINDOW)",
					"$(SFML_GRAPHICS)",
					"$(SFML_AUDIO)",
					"$(SFML_NETWORK)",
				);
				SFML_AUDIO = "$(SFML_LINK_PREFIX) sfml-audio$(SFML_LINK_SUFFIX)";
				SFML_BINARY_TYPE = FRAMEWORKS;
				SFML_GRAPHICS = "$(SFML_LINK_PREFIX) sfml-graphics$(SFML_LINK_SUFFIX)";
				SFML_LINK_DYLIBS_PREFIX = "-l";
				SFML_LINK_DYLIBS_SUFFIX = "";
				SFML_LINK_FRAMEWORKS_PREFIX = "-framework";
				SFML_LINK_FRAMEWORKS_SUFFIX = "";
				SFML_LINK_PREFIX = "$(SFML_LINK_$(SFML_BINARY_TYPE)_PREFIX)";
				SFML_LINK_SUFFIX = "$(SFML_LINK_$(SFML_BINARY_TYPE)_SUFFIX)";
				SFML_NETWORK = "$(SFML_LINK_PREFIX) sfml-network$(SFML_LINK_SUFFIX)";
				SFML_SYSTEM = "$(SFML_LINK_PREFIX) sfml-system$(SFML_LINK_SUFFIX)";
				SFML_WINDOW = "$(SFML_LINK_PREFIX) sfml-window$(SFML_LINK_SUFFIX)";
				SUPPORTED_PLATFORMS = macosx;
			};
			name = Release;
		};
		6A354C0B258EA3AA00C94B6C /* Debug */ = {
			isa = XCBuildConfiguration;
			buildSettings = {
				CODE_SIGN_STYLE = Automatic;
				DEVELOPMENT_TEAM = ZL9396WK65;
				INFOPLIST_FILE = "RPGProject/RPGProject-Info.plist";
				LD_RUNPATH_SEARCH_PATHS = "@loader_path/../Frameworks";
				PRODUCT_NAME = "$(TARGET_NAME)";
			};
			name = Debug;
		};
		6A354C0C258EA3AA00C94B6C /* Release */ = {
			isa = XCBuildConfiguration;
			buildSettings = {
				CODE_SIGN_STYLE = Automatic;
				DEVELOPMENT_TEAM = ZL9396WK65;
				INFOPLIST_FILE = "RPGProject/RPGProject-Info.plist";
				LD_RUNPATH_SEARCH_PATHS = "@loader_path/../Frameworks";
				PRODUCT_NAME = "$(TARGET_NAME)";
			};
			name = Release;
		};
/* End XCBuildConfiguration section */

/* Begin XCConfigurationList section */
		6A354BEF258EA3AA00C94B6C /* Build configuration list for PBXProject "RPGProject" */ = {
			isa = XCConfigurationList;
			buildConfigurations = (
				6A354C08258EA3AA00C94B6C /* Debug */,
				6A354C09258EA3AA00C94B6C /* Release */,
			);
			defaultConfigurationIsVisible = 0;
			defaultConfigurationName = Release;
		};
		6A354C0A258EA3AA00C94B6C /* Build configuration list for PBXNativeTarget "RPGProject" */ = {
			isa = XCConfigurationList;
			buildConfigurations = (
				6A354C0B258EA3AA00C94B6C /* Debug */,
				6A354C0C258EA3AA00C94B6C /* Release */,
			);
			defaultConfigurationIsVisible = 0;
			defaultConfigurationName = Release;
		};
/* End XCConfigurationList section */
	};
	rootObject = 6A354BEC258EA3AA00C94B6C /* Project object */;
}
